// !$*UTF8*$!
{
	archiveVersion = 1;
	classes = {
	};
	objectVersion = 56;
	objects = {

/* Begin PBXBuildFile section */
		5F299DA52B1E75F8001CBF39 /* PointsView.swift in Sources */ = {isa = PBXBuildFile; fileRef = 5F299DA42B1E75F8001CBF39 /* PointsView.swift */; };
		5F299DA72B1E8B88001CBF39 /* Constants.swift in Sources */ = {isa = PBXBuildFile; fileRef = 5F299DA62B1E8B88001CBF39 /* Constants.swift */; };
		5F6FC5F72B13BFF900F07D75 /* AppColor.swift in Sources */ = {isa = PBXBuildFile; fileRef = 5F6FC5F62B13BFF900F07D75 /* AppColor.swift */; };
		5F6FC5F92B13C26B00F07D75 /* AppGradient.swift in Sources */ = {isa = PBXBuildFile; fileRef = 5F6FC5F82B13C26B00F07D75 /* AppGradient.swift */; };
		5F6FC5FC2B15134500F07D75 /* TextViews.swift in Sources */ = {isa = PBXBuildFile; fileRef = 5F6FC5FB2B15134500F07D75 /* TextViews.swift */; };
		5F6FC5FE2B1537AF00F07D75 /* RoundedViews.swift in Sources */ = {isa = PBXBuildFile; fileRef = 5F6FC5FD2B1537AF00F07D75 /* RoundedViews.swift */; };
		5FC1AB532B11580A00D77F03 /* Game.swift in Sources */ = {isa = PBXBuildFile; fileRef = 5FC1AB522B11580A00D77F03 /* Game.swift */; };
		5FC1AB5B2B135CA400D77F03 /* BullseyeTests.swift in Sources */ = {isa = PBXBuildFile; fileRef = 5FC1AB5A2B135CA400D77F03 /* BullseyeTests.swift */; };
		5FC1AB622B136E0D00D77F03 /* BEBlueButton.swift in Sources */ = {isa = PBXBuildFile; fileRef = 5FC1AB612B136E0D00D77F03 /* BEBlueButton.swift */; };
		5FC7D4032B154A86006F62FE /* BackgroundView.swift in Sources */ = {isa = PBXBuildFile; fileRef = 5FC7D4022B154A86006F62FE /* BackgroundView.swift */; };
		5FDC66EC2B11049400331EBA /* BullseyeApp.swift in Sources */ = {isa = PBXBuildFile; fileRef = 5FDC66EB2B11049400331EBA /* BullseyeApp.swift */; };
		5FDC66EE2B11049400331EBA /* ContentView.swift in Sources */ = {isa = PBXBuildFile; fileRef = 5FDC66ED2B11049400331EBA /* ContentView.swift */; };
		5FDC66F02B11049700331EBA /* Assets.xcassets in Resources */ = {isa = PBXBuildFile; fileRef = 5FDC66EF2B11049700331EBA /* Assets.xcassets */; };
		5FDC66F32B11049700331EBA /* Preview Assets.xcassets in Resources */ = {isa = PBXBuildFile; fileRef = 5FDC66F22B11049700331EBA /* Preview Assets.xcassets */; };
/* End PBXBuildFile section */

/* Begin PBXContainerItemProxy section */
		5FC1AB5C2B135CA400D77F03 /* PBXContainerItemProxy */ = {
			isa = PBXContainerItemProxy;
			containerPortal = 5FDC66E02B11049400331EBA /* Project object */;
			proxyType = 1;
			remoteGlobalIDString = 5FDC66E72B11049400331EBA;
			remoteInfo = Bullseye;
		};
/* End PBXContainerItemProxy section */

/* Begin PBXFileReference section */
		5F299DA42B1E75F8001CBF39 /* PointsView.swift */ = {isa = PBXFileReference; lastKnownFileType = sourcecode.swift; path = PointsView.swift; sourceTree = "<group>"; };
		5F299DA62B1E8B88001CBF39 /* Constants.swift */ = {isa = PBXFileReference; lastKnownFileType = sourcecode.swift; path = Constants.swift; sourceTree = "<group>"; };
		5F6FC5F62B13BFF900F07D75 /* AppColor.swift */ = {isa = PBXFileReference; lastKnownFileType = sourcecode.swift; path = AppColor.swift; sourceTree = "<group>"; };
		5F6FC5F82B13C26B00F07D75 /* AppGradient.swift */ = {isa = PBXFileReference; lastKnownFileType = sourcecode.swift; path = AppGradient.swift; sourceTree = "<group>"; };
		5F6FC5FB2B15134500F07D75 /* TextViews.swift */ = {isa = PBXFileReference; lastKnownFileType = sourcecode.swift; path = TextViews.swift; sourceTree = "<group>"; };
		5F6FC5FD2B1537AF00F07D75 /* RoundedViews.swift */ = {isa = PBXFileReference; lastKnownFileType = sourcecode.swift; path = RoundedViews.swift; sourceTree = "<group>"; };
		5FC1AB522B11580A00D77F03 /* Game.swift */ = {isa = PBXFileReference; lastKnownFileType = sourcecode.swift; path = Game.swift; sourceTree = "<group>"; };
		5FC1AB582B135CA400D77F03 /* BullseyeTests.xctest */ = {isa = PBXFileReference; explicitFileType = wrapper.cfbundle; includeInIndex = 0; path = BullseyeTests.xctest; sourceTree = BUILT_PRODUCTS_DIR; };
		5FC1AB5A2B135CA400D77F03 /* BullseyeTests.swift */ = {isa = PBXFileReference; lastKnownFileType = sourcecode.swift; path = BullseyeTests.swift; sourceTree = "<group>"; };
		5FC1AB612B136E0D00D77F03 /* BEBlueButton.swift */ = {isa = PBXFileReference; lastKnownFileType = sourcecode.swift; path = BEBlueButton.swift; sourceTree = "<group>"; };
		5FC7D4022B154A86006F62FE /* BackgroundView.swift */ = {isa = PBXFileReference; lastKnownFileType = sourcecode.swift; path = BackgroundView.swift; sourceTree = "<group>"; };
		5FDC66E82B11049400331EBA /* Bullseye.app */ = {isa = PBXFileReference; explicitFileType = wrapper.application; includeInIndex = 0; path = Bullseye.app; sourceTree = BUILT_PRODUCTS_DIR; };
		5FDC66EB2B11049400331EBA /* BullseyeApp.swift */ = {isa = PBXFileReference; lastKnownFileType = sourcecode.swift; path = BullseyeApp.swift; sourceTree = "<group>"; };
		5FDC66ED2B11049400331EBA /* ContentView.swift */ = {isa = PBXFileReference; lastKnownFileType = sourcecode.swift; path = ContentView.swift; sourceTree = "<group>"; };
		5FDC66EF2B11049700331EBA /* Assets.xcassets */ = {isa = PBXFileReference; lastKnownFileType = folder.assetcatalog; path = Assets.xcassets; sourceTree = "<group>"; };
		5FDC66F22B11049700331EBA /* Preview Assets.xcassets */ = {isa = PBXFileReference; lastKnownFileType = folder.assetcatalog; path = "Preview Assets.xcassets"; sourceTree = "<group>"; };
/* End PBXFileReference section */

/* Begin PBXFrameworksBuildPhase section */
		5FC1AB552B135CA400D77F03 /* Frameworks */ = {
			isa = PBXFrameworksBuildPhase;
			buildActionMask = 2147483647;
			files = (
			);
			runOnlyForDeploymentPostprocessing = 0;
		};
		5FDC66E52B11049400331EBA /* Frameworks */ = {
			isa = PBXFrameworksBuildPhase;
			buildActionMask = 2147483647;
			files = (
			);
			runOnlyForDeploymentPostprocessing = 0;
		};
/* End PBXFrameworksBuildPhase section */

/* Begin PBXGroup section */
		5F6FC5FA2B13CC0400F07D75 /* Utilities */ = {
			isa = PBXGroup;
			children = (
				5F6FC5F62B13BFF900F07D75 /* AppColor.swift */,
				5F6FC5F82B13C26B00F07D75 /* AppGradient.swift */,
			);
			path = Utilities;
			sourceTree = "<group>";
		};
		5FC1AB4F2B11577000D77F03 /* Models */ = {
			isa = PBXGroup;
			children = (
				5FC1AB522B11580A00D77F03 /* Game.swift */,
				5F299DA62B1E8B88001CBF39 /* Constants.swift */,
			);
			path = Models;
			sourceTree = "<group>";
		};
		5FC1AB502B11577E00D77F03 /* Views */ = {
			isa = PBXGroup;
			children = (
				5F299DA42B1E75F8001CBF39 /* PointsView.swift */,
				5FDC66ED2B11049400331EBA /* ContentView.swift */,
				5F6FC5FB2B15134500F07D75 /* TextViews.swift */,
				5FC1AB612B136E0D00D77F03 /* BEBlueButton.swift */,
				5F6FC5FD2B1537AF00F07D75 /* RoundedViews.swift */,
				5FC7D4022B154A86006F62FE /* BackgroundView.swift */,
			);
			path = Views;
			sourceTree = "<group>";
		};
		5FC1AB512B11579C00D77F03 /* App */ = {
			isa = PBXGroup;
			children = (
				5FDC66EF2B11049700331EBA /* Assets.xcassets */,
				5FDC66EB2B11049400331EBA /* BullseyeApp.swift */,
			);
			path = App;
			sourceTree = "<group>";
		};
		5FC1AB592B135CA400D77F03 /* BullseyeTests */ = {
			isa = PBXGroup;
			children = (
				5FC1AB5A2B135CA400D77F03 /* BullseyeTests.swift */,
			);
			path = BullseyeTests;
			sourceTree = "<group>";
		};
		5FDC66DF2B11049400331EBA = {
			isa = PBXGroup;
			children = (
				5FDC66EA2B11049400331EBA /* Bullseye */,
				5FC1AB592B135CA400D77F03 /* BullseyeTests */,
				5FDC66E92B11049400331EBA /* Products */,
			);
			sourceTree = "<group>";
		};
		5FDC66E92B11049400331EBA /* Products */ = {
			isa = PBXGroup;
			children = (
				5FDC66E82B11049400331EBA /* Bullseye.app */,
				5FC1AB582B135CA400D77F03 /* BullseyeTests.xctest */,
			);
			name = Products;
			sourceTree = "<group>";
		};
		5FDC66EA2B11049400331EBA /* Bullseye */ = {
			isa = PBXGroup;
			children = (
				5FC1AB512B11579C00D77F03 /* App */,
				5FC1AB4F2B11577000D77F03 /* Models */,
				5FDC66F12B11049700331EBA /* Preview Content */,
				5F6FC5FA2B13CC0400F07D75 /* Utilities */,
				5FC1AB502B11577E00D77F03 /* Views */,
			);
			path = Bullseye;
			sourceTree = "<group>";
		};
		5FDC66F12B11049700331EBA /* Preview Content */ = {
			isa = PBXGroup;
			children = (
				5FDC66F22B11049700331EBA /* Preview Assets.xcassets */,
			);
			path = "Preview Content";
			sourceTree = "<group>";
		};
/* End PBXGroup section */

/* Begin PBXNativeTarget section */
		5FC1AB572B135CA400D77F03 /* BullseyeTests */ = {
			isa = PBXNativeTarget;
			buildConfigurationList = 5FC1AB5E2B135CA400D77F03 /* Build configuration list for PBXNativeTarget "BullseyeTests" */;
			buildPhases = (
				5FC1AB542B135CA400D77F03 /* Sources */,
				5FC1AB552B135CA400D77F03 /* Frameworks */,
				5FC1AB562B135CA400D77F03 /* Resources */,
			);
			buildRules = (
			);
			dependencies = (
				5FC1AB5D2B135CA400D77F03 /* PBXTargetDependency */,
			);
			name = BullseyeTests;
			productName = BullseyeTests;
			productReference = 5FC1AB582B135CA400D77F03 /* BullseyeTests.xctest */;
			productType = "com.apple.product-type.bundle.unit-test";
		};
		5FDC66E72B11049400331EBA /* Bullseye */ = {
			isa = PBXNativeTarget;
			buildConfigurationList = 5FDC66F62B11049700331EBA /* Build configuration list for PBXNativeTarget "Bullseye" */;
			buildPhases = (
				5FDC66E42B11049400331EBA /* Sources */,
				5FDC66E52B11049400331EBA /* Frameworks */,
				5FDC66E62B11049400331EBA /* Resources */,
			);
			buildRules = (
			);
			dependencies = (
			);
			name = Bullseye;
			productName = Bullseye;
			productReference = 5FDC66E82B11049400331EBA /* Bullseye.app */;
			productType = "com.apple.product-type.application";
		};
/* End PBXNativeTarget section */

/* Begin PBXProject section */
		5FDC66E02B11049400331EBA /* Project object */ = {
			isa = PBXProject;
			attributes = {
				BuildIndependentTargetsInParallel = 1;
				LastSwiftUpdateCheck = 1500;
				LastUpgradeCheck = 1500;
				TargetAttributes = {
					5FC1AB572B135CA400D77F03 = {
						CreatedOnToolsVersion = 15.0.1;
						TestTargetID = 5FDC66E72B11049400331EBA;
					};
					5FDC66E72B11049400331EBA = {
						CreatedOnToolsVersion = 15.0.1;
					};
				};
			};
			buildConfigurationList = 5FDC66E32B11049400331EBA /* Build configuration list for PBXProject "Bullseye" */;
			compatibilityVersion = "Xcode 14.0";
			developmentRegion = en;
			hasScannedForEncodings = 0;
			knownRegions = (
				en,
				Base,
			);
			mainGroup = 5FDC66DF2B11049400331EBA;
			productRefGroup = 5FDC66E92B11049400331EBA /* Products */;
			projectDirPath = "";
			projectRoot = "";
			targets = (
				5FDC66E72B11049400331EBA /* Bullseye */,
				5FC1AB572B135CA400D77F03 /* BullseyeTests */,
			);
		};
/* End PBXProject section */

/* Begin PBXResourcesBuildPhase section */
		5FC1AB562B135CA400D77F03 /* Resources */ = {
			isa = PBXResourcesBuildPhase;
			buildActionMask = 2147483647;
			files = (
			);
			runOnlyForDeploymentPostprocessing = 0;
		};
		5FDC66E62B11049400331EBA /* Resources */ = {
			isa = PBXResourcesBuildPhase;
			buildActionMask = 2147483647;
			files = (
				5FDC66F32B11049700331EBA /* Preview Assets.xcassets in Resources */,
				5FDC66F02B11049700331EBA /* Assets.xcassets in Resources */,
			);
			runOnlyForDeploymentPostprocessing = 0;
		};
/* End PBXResourcesBuildPhase section */

/* Begin PBXSourcesBuildPhase section */
		5FC1AB542B135CA400D77F03 /* Sources */ = {
			isa = PBXSourcesBuildPhase;
			buildActionMask = 2147483647;
			files = (
				5FC1AB5B2B135CA400D77F03 /* BullseyeTests.swift in Sources */,
			);
			runOnlyForDeploymentPostprocessing = 0;
		};
		5FDC66E42B11049400331EBA /* Sources */ = {
			isa = PBXSourcesBuildPhase;
			buildActionMask = 2147483647;
			files = (
				5FC1AB622B136E0D00D77F03 /* BEBlueButton.swift in Sources */,
				5F299DA72B1E8B88001CBF39 /* Constants.swift in Sources */,
				5F6FC5F72B13BFF900F07D75 /* AppColor.swift in Sources */,
				5FDC66EE2B11049400331EBA /* ContentView.swift in Sources */,
				5FC1AB532B11580A00D77F03 /* Game.swift in Sources */,
				5F6FC5FE2B1537AF00F07D75 /* RoundedViews.swift in Sources */,
				5FDC66EC2B11049400331EBA /* BullseyeApp.swift in Sources */,
				5F6FC5FC2B15134500F07D75 /* TextViews.swift in Sources */,
				5F299DA52B1E75F8001CBF39 /* PointsView.swift in Sources */,
				5FC7D4032B154A86006F62FE /* BackgroundView.swift in Sources */,
				5F6FC5F92B13C26B00F07D75 /* AppGradient.swift in Sources */,
			);
			runOnlyForDeploymentPostprocessing = 0;
		};
/* End PBXSourcesBuildPhase section */

/* Begin PBXTargetDependency section */
		5FC1AB5D2B135CA400D77F03 /* PBXTargetDependency */ = {
			isa = PBXTargetDependency;
			target = 5FDC66E72B11049400331EBA /* Bullseye */;
			targetProxy = 5FC1AB5C2B135CA400D77F03 /* PBXContainerItemProxy */;
		};
/* End PBXTargetDependency section */

/* Begin XCBuildConfiguration section */
		5FC1AB5F2B135CA400D77F03 /* Debug */ = {
			isa = XCBuildConfiguration;
			buildSettings = {
				BUNDLE_LOADER = "$(TEST_HOST)";
				CODE_SIGN_STYLE = Automatic;
				CURRENT_PROJECT_VERSION = 1;
				DEVELOPMENT_TEAM = J9BWXBY6SC;
				GENERATE_INFOPLIST_FILE = YES;
				IPHONEOS_DEPLOYMENT_TARGET = 17.0;
				MACOSX_DEPLOYMENT_TARGET = 14.0;
				MARKETING_VERSION = 1.0;
				PRODUCT_BUNDLE_IDENTIFIER = dev.bera.BullseyeTests;
				PRODUCT_NAME = "$(TARGET_NAME)";
				SDKROOT = auto;
				SUPPORTED_PLATFORMS = "iphoneos iphonesimulator macosx";
				SWIFT_EMIT_LOC_STRINGS = NO;
				SWIFT_VERSION = 5.0;
				TARGETED_DEVICE_FAMILY = "1,2";
				TEST_HOST = "$(BUILT_PRODUCTS_DIR)/Bullseye.app/$(BUNDLE_EXECUTABLE_FOLDER_PATH)/Bullseye";
			};
			name = Debug;
		};
		5FC1AB602B135CA400D77F03 /* Release */ = {
			isa = XCBuildConfiguration;
			buildSettings = {
				BUNDLE_LOADER = "$(TEST_HOST)";
				CODE_SIGN_STYLE = Automatic;
				CURRENT_PROJECT_VERSION = 1;
				DEVELOPMENT_TEAM = J9BWXBY6SC;
				GENERATE_INFOPLIST_FILE = YES;
				IPHONEOS_DEPLOYMENT_TARGET = 17.0;
				MACOSX_DEPLOYMENT_TARGET = 14.0;
				MARKETING_VERSION = 1.0;
				PRODUCT_BUNDLE_IDENTIFIER = dev.bera.BullseyeTests;
				PRODUCT_NAME = "$(TARGET_NAME)";
				SDKROOT = auto;
				SUPPORTED_PLATFORMS = "iphoneos iphonesimulator macosx";
				SWIFT_EMIT_LOC_STRINGS = NO;
				SWIFT_VERSION = 5.0;
				TARGETED_DEVICE_FAMILY = "1,2";
				TEST_HOST = "$(BUILT_PRODUCTS_DIR)/Bullseye.app/$(BUNDLE_EXECUTABLE_FOLDER_PATH)/Bullseye";
			};
			name = Release;
		};
		5FDC66F42B11049700331EBA /* Debug */ = {
			isa = XCBuildConfiguration;
			buildSettings = {
				ALWAYS_SEARCH_USER_PATHS = NO;
				ASSETCATALOG_COMPILER_GENERATE_SWIFT_ASSET_SYMBOL_EXTENSIONS = YES;
				CLANG_ANALYZER_NONNULL = YES;
				CLANG_ANALYZER_NUMBER_OBJECT_CONVERSION = YES_AGGRESSIVE;
				CLANG_CXX_LANGUAGE_STANDARD = "gnu++20";
				CLANG_ENABLE_MODULES = YES;
				CLANG_ENABLE_OBJC_ARC = YES;
				CLANG_ENABLE_OBJC_WEAK = YES;
				CLANG_WARN_BLOCK_CAPTURE_AUTORELEASING = YES;
				CLANG_WARN_BOOL_CONVERSION = YES;
				CLANG_WARN_COMMA = YES;
				CLANG_WARN_CONSTANT_CONVERSION = YES;
				CLANG_WARN_DEPRECATED_OBJC_IMPLEMENTATIONS = YES;
				CLANG_WARN_DIRECT_OBJC_ISA_USAGE = YES_ERROR;
				CLANG_WARN_DOCUMENTATION_COMMENTS = YES;
				CLANG_WARN_EMPTY_BODY = YES;
				CLANG_WARN_ENUM_CONVERSION = YES;
				CLANG_WARN_INFINITE_RECURSION = YES;
				CLANG_WARN_INT_CONVERSION = YES;
				CLANG_WARN_NON_LITERAL_NULL_CONVERSION = YES;
				CLANG_WARN_OBJC_IMPLICIT_RETAIN_SELF = YES;
				CLANG_WARN_OBJC_LITERAL_CONVERSION = YES;
				CLANG_WARN_OBJC_ROOT_CLASS = YES_ERROR;
				CLANG_WARN_QUOTED_INCLUDE_IN_FRAMEWORK_HEADER = YES;
				CLANG_WARN_RANGE_LOOP_ANALYSIS = YES;
				CLANG_WARN_STRICT_PROTOTYPES = YES;
				CLANG_WARN_SUSPICIOUS_MOVE = YES;
				CLANG_WARN_UNGUARDED_AVAILABILITY = YES_AGGRESSIVE;
				CLANG_WARN_UNREACHABLE_CODE = YES;
				CLANG_WARN__DUPLICATE_METHOD_MATCH = YES;
				COPY_PHASE_STRIP = NO;
				DEBUG_INFORMATION_FORMAT = dwarf;
				ENABLE_STRICT_OBJC_MSGSEND = YES;
				ENABLE_TESTABILITY = YES;
				ENABLE_USER_SCRIPT_SANDBOXING = YES;
				GCC_C_LANGUAGE_STANDARD = gnu17;
				GCC_DYNAMIC_NO_PIC = NO;
				GCC_NO_COMMON_BLOCKS = YES;
				GCC_OPTIMIZATION_LEVEL = 0;
				GCC_PREPROCESSOR_DEFINITIONS = (
					"DEBUG=1",
					"$(inherited)",
				);
				GCC_WARN_64_TO_32_BIT_CONVERSION = YES;
				GCC_WARN_ABOUT_RETURN_TYPE = YES_ERROR;
				GCC_WARN_UNDECLARED_SELECTOR = YES;
				GCC_WARN_UNINITIALIZED_AUTOS = YES_AGGRESSIVE;
				GCC_WARN_UNUSED_FUNCTION = YES;
				GCC_WARN_UNUSED_VARIABLE = YES;
				IPHONEOS_DEPLOYMENT_TARGET = 17.0;
				LOCALIZATION_PREFERS_STRING_CATALOGS = YES;
				MTL_ENABLE_DEBUG_INFO = INCLUDE_SOURCE;
				MTL_FAST_MATH = YES;
				ONLY_ACTIVE_ARCH = YES;
				SDKROOT = iphoneos;
				SWIFT_ACTIVE_COMPILATION_CONDITIONS = "DEBUG $(inherited)";
				SWIFT_OPTIMIZATION_LEVEL = "-Onone";
			};
			name = Debug;
		};
		5FDC66F52B11049700331EBA /* Release */ = {
			isa = XCBuildConfiguration;
			buildSettings = {
				ALWAYS_SEARCH_USER_PATHS = NO;
				ASSETCATALOG_COMPILER_GENERATE_SWIFT_ASSET_SYMBOL_EXTENSIONS = YES;
				CLANG_ANALYZER_NONNULL = YES;
				CLANG_ANALYZER_NUMBER_OBJECT_CONVERSION = YES_AGGRESSIVE;
				CLANG_CXX_LANGUAGE_STANDARD = "gnu++20";
				CLANG_ENABLE_MODULES = YES;
				CLANG_ENABLE_OBJC_ARC = YES;
				CLANG_ENABLE_OBJC_WEAK = YES;
				CLANG_WARN_BLOCK_CAPTURE_AUTORELEASING = YES;
				CLANG_WARN_BOOL_CONVERSION = YES;
				CLANG_WARN_COMMA = YES;
				CLANG_WARN_CONSTANT_CONVERSION = YES;
				CLANG_WARN_DEPRECATED_OBJC_IMPLEMENTATIONS = YES;
				CLANG_WARN_DIRECT_OBJC_ISA_USAGE = YES_ERROR;
				CLANG_WARN_DOCUMENTATION_COMMENTS = YES;
				CLANG_WARN_EMPTY_BODY = YES;
				CLANG_WARN_ENUM_CONVERSION = YES;
				CLANG_WARN_INFINITE_RECURSION = YES;
				CLANG_WARN_INT_CONVERSION = YES;
				CLANG_WARN_NON_LITERAL_NULL_CONVERSION = YES;
				CLANG_WARN_OBJC_IMPLICIT_RETAIN_SELF = YES;
				CLANG_WARN_OBJC_LITERAL_CONVERSION = YES;
				CLANG_WARN_OBJC_ROOT_CLASS = YES_ERROR;
				CLANG_WARN_QUOTED_INCLUDE_IN_FRAMEWORK_HEADER = YES;
				CLANG_WARN_RANGE_LOOP_ANALYSIS = YES;
				CLANG_WARN_STRICT_PROTOTYPES = YES;
				CLANG_WARN_SUSPICIOUS_MOVE = YES;
				CLANG_WARN_UNGUARDED_AVAILABILITY = YES_AGGRESSIVE;
				CLANG_WARN_UNREACHABLE_CODE = YES;
				CLANG_WARN__DUPLICATE_METHOD_MATCH = YES;
				COPY_PHASE_STRIP = NO;
				DEBUG_INFORMATION_FORMAT = "dwarf-with-dsym";
				ENABLE_NS_ASSERTIONS = NO;
				ENABLE_STRICT_OBJC_MSGSEND = YES;
				ENABLE_USER_SCRIPT_SANDBOXING = YES;
				GCC_C_LANGUAGE_STANDARD = gnu17;
				GCC_NO_COMMON_BLOCKS = YES;
				GCC_WARN_64_TO_32_BIT_CONVERSION = YES;
				GCC_WARN_ABOUT_RETURN_TYPE = YES_ERROR;
				GCC_WARN_UNDECLARED_SELECTOR = YES;
				GCC_WARN_UNINITIALIZED_AUTOS = YES_AGGRESSIVE;
				GCC_WARN_UNUSED_FUNCTION = YES;
				GCC_WARN_UNUSED_VARIABLE = YES;
				IPHONEOS_DEPLOYMENT_TARGET = 17.0;
				LOCALIZATION_PREFERS_STRING_CATALOGS = YES;
				MTL_ENABLE_DEBUG_INFO = NO;
				MTL_FAST_MATH = YES;
				SDKROOT = iphoneos;
				SWIFT_COMPILATION_MODE = wholemodule;
				VALIDATE_PRODUCT = YES;
			};
			name = Release;
		};
		5FDC66F72B11049700331EBA /* Debug */ = {
			isa = XCBuildConfiguration;
			buildSettings = {
				ASSETCATALOG_COMPILER_APPICON_NAME = AppIcon;
				ASSETCATALOG_COMPILER_GLOBAL_ACCENT_COLOR_NAME = AccentColor;
				CODE_SIGN_STYLE = Automatic;
				CURRENT_PROJECT_VERSION = 1;
				DEVELOPMENT_ASSET_PATHS = "\"Bullseye/Preview Content\"";
				DEVELOPMENT_TEAM = J9BWXBY6SC;
				ENABLE_PREVIEWS = YES;
				GENERATE_INFOPLIST_FILE = YES;
				INFOPLIST_KEY_UIApplicationSceneManifest_Generation = YES;
				INFOPLIST_KEY_UIApplicationSupportsIndirectInputEvents = YES;
				INFOPLIST_KEY_UILaunchScreen_Generation = YES;
				INFOPLIST_KEY_UISupportedInterfaceOrientations_iPad = "UIInterfaceOrientationPortrait UIInterfaceOrientationPortraitUpsideDown UIInterfaceOrientationLandscapeLeft UIInterfaceOrientationLandscapeRight";
				INFOPLIST_KEY_UISupportedInterfaceOrientations_iPhone = "UIInterfaceOrientationPortrait UIInterfaceOrientationLandscapeLeft UIInterfaceOrientationLandscapeRight";
				LD_RUNPATH_SEARCH_PATHS = (
					"$(inherited)",
					"@executable_path/Frameworks",
				);
				MARKETING_VERSION = 1.0;
				PRODUCT_BUNDLE_IDENTIFIER = dev.bera.Bullseye;
				PRODUCT_NAME = "$(TARGET_NAME)";
				SWIFT_EMIT_LOC_STRINGS = YES;
				SWIFT_VERSION = 5.0;
				TARGETED_DEVICE_FAMILY = "1,2";
			};
			name = Debug;
		};
		5FDC66F82B11049700331EBA /* Release */ = {
			isa = XCBuildConfiguration;
			buildSettings = {
				ASSETCATALOG_COMPILER_APPICON_NAME = AppIcon;
				ASSETCATALOG_COMPILER_GLOBAL_ACCENT_COLOR_NAME = AccentColor;
				CODE_SIGN_STYLE = Automatic;
				CURRENT_PROJECT_VERSION = 1;
				DEVELOPMENT_ASSET_PATHS = "\"Bullseye/Preview Content\"";
				DEVELOPMENT_TEAM = J9BWXBY6SC;
				ENABLE_PREVIEWS = YES;
				GENERATE_INFOPLIST_FILE = YES;
				INFOPLIST_KEY_UIApplicationSceneManifest_Generation = YES;
				INFOPLIST_KEY_UIApplicationSupportsIndirectInputEvents = YES;
				INFOPLIST_KEY_UILaunchScreen_Generation = YES;
				INFOPLIST_KEY_UISupportedInterfaceOrientations_iPad = "UIInterfaceOrientationPortrait UIInterfaceOrientationPortraitUpsideDown UIInterfaceOrientationLandscapeLeft UIInterfaceOrientationLandscapeRight";
				INFOPLIST_KEY_UISupportedInterfaceOrientations_iPhone = "UIInterfaceOrientationPortrait UIInterfaceOrientationLandscapeLeft UIInterfaceOrientationLandscapeRight";
				LD_RUNPATH_SEARCH_PATHS = (
					"$(inherited)",
					"@executable_path/Frameworks",
				);
				MARKETING_VERSION = 1.0;
				PRODUCT_BUNDLE_IDENTIFIER = dev.bera.Bullseye;
				PRODUCT_NAME = "$(TARGET_NAME)";
				SWIFT_EMIT_LOC_STRINGS = YES;
				SWIFT_VERSION = 5.0;
				TARGETED_DEVICE_FAMILY = "1,2";
			};
			name = Release;
		};
/* End XCBuildConfiguration section */

/* Begin XCConfigurationList section */
		5FC1AB5E2B135CA400D77F03 /* Build configuration list for PBXNativeTarget "BullseyeTests" */ = {
			isa = XCConfigurationList;
			buildConfigurations = (
				5FC1AB5F2B135CA400D77F03 /* Debug */,
				5FC1AB602B135CA400D77F03 /* Release */,
			);
			defaultConfigurationIsVisible = 0;
			defaultConfigurationName = Release;
		};
		5FDC66E32B11049400331EBA /* Build configuration list for PBXProject "Bullseye" */ = {
			isa = XCConfigurationList;
			buildConfigurations = (
				5FDC66F42B11049700331EBA /* Debug */,
				5FDC66F52B11049700331EBA /* Release */,
			);
			defaultConfigurationIsVisible = 0;
			defaultConfigurationName = Release;
		};
		5FDC66F62B11049700331EBA /* Build configuration list for PBXNativeTarget "Bullseye" */ = {
			isa = XCConfigurationList;
			buildConfigurations = (
				5FDC66F72B11049700331EBA /* Debug */,
				5FDC66F82B11049700331EBA /* Release */,
			);
			defaultConfigurationIsVisible = 0;
			defaultConfigurationName = Release;
		};
/* End XCConfigurationList section */
	};
	rootObject = 5FDC66E02B11049400331EBA /* Project object */;
}
